
Microsoft Visual Studio Solution File, Format Version 12.00
# Visual Studio Version 17
VisualStudioVersion = 17.4.33103.184
MinimumVisualStudioVersion = 10.0.40219.1
Project("{FAE04EC0-301F-11D3-BF4B-00C04F79EFBC}") = "Salina.WS.Client", "Salina.WS.Client\Salina.WS.Client.csproj", "{80DADCE9-BDF1-4287-A087-F04FD4DA4FFF}"
EndProject
Global
	GlobalSection(SolutionConfigurationPlatforms) = preSolution
		Debug|Any CPU = Debug|Any CPU
		Release|Any CPU = Release|Any CPU
	EndGlobalSection
	GlobalSection(ProjectConfigurationPlatforms) = postSolution
		{80DADCE9-BDF1-4287-A087-F04FD4DA4FFF}.Debug|Any CPU.ActiveCfg = Debug|Any CPU
		{80DADCE9-BDF1-4287-A087-F04FD4DA4FFF}.Debug|Any CPU.Build.0 = Debug|Any CPU
		{80DADCE9-BDF1-4287-A087-F04FD4DA4FFF}.Release|Any CPU.ActiveCfg = Release|Any CPU
		{80DADCE9-BDF1-4287-A087-F04FD4DA4FFF}.Release|Any CPU.Build.0 = Release|Any CPU
	EndGlobalSection
	GlobalSection(SolutionProperties) = preSolution
		HideSolutionNode = FALSE
	EndGlobalSection
	GlobalSection(ExtensibilityGlobals) = postSolution
		SolutionGuid = {EA8D7FDC-CB02-4FE6-84AC-1F2EFB544497}
	EndGlobalSection
EndGlobal
